
Microsoft Visual Studio Solution File, Format Version 12.00
# Visual Studio Version 17
VisualStudioVersion = 17.1.32228.430
MinimumVisualStudioVersion = 10.0.40219.1
Project("{9A19103F-16F7-4668-BE54-9A1E7A4F7556}") = "Business", "Business\Business.csproj", "{9294F742-AEB8-4810-B1BF-ECB4DC4C84AF}"
EndProject
Project("{9A19103F-16F7-4668-BE54-9A1E7A4F7556}") = "Core", "Core\Core.csproj", "{5C5E9516-A84D-4A7B-96D4-4CEB3038ECF3}"
EndProject
Project("{9A19103F-16F7-4668-BE54-9A1E7A4F7556}") = "Entities", "Entity\Entities.csproj", "{1D65A338-6DE9-4455-AD46-7F5F99E3969E}"
EndProject
Project("{9A19103F-16F7-4668-BE54-9A1E7A4F7556}") = "DataAccess", "DataAccess\DataAccess.csproj", "{9C229EDC-C410-4C02-AF92-E22D97A49018}"
EndProject
Project("{9A19103F-16F7-4668-BE54-9A1E7A4F7556}") = "API", "API\API.csproj", "{C99E05D3-0910-4EEE-BDD0-A6D2E88B6F4C}"
EndProject
Project("{FAE04EC0-301F-11D3-BF4B-00C04F79EFBC}") = "UI", "UI\UI.csproj", "{69AD914A-E26D-4926-BB75-9ECF502C2E05}"
EndProject
Global
	GlobalSection(SolutionConfigurationPlatforms) = preSolution
		Debug|Any CPU = Debug|Any CPU
		Release|Any CPU = Release|Any CPU
	EndGlobalSection
	GlobalSection(ProjectConfigurationPlatforms) = postSolution
		{9294F742-AEB8-4810-B1BF-ECB4DC4C84AF}.Debug|Any CPU.ActiveCfg = Debug|Any CPU
		{9294F742-AEB8-4810-B1BF-ECB4DC4C84AF}.Debug|Any CPU.Build.0 = Debug|Any CPU
		{9294F742-AEB8-4810-B1BF-ECB4DC4C84AF}.Release|Any CPU.ActiveCfg = Release|Any CPU
		{9294F742-AEB8-4810-B1BF-ECB4DC4C84AF}.Release|Any CPU.Build.0 = Release|Any CPU
		{5C5E9516-A84D-4A7B-96D4-4CEB3038ECF3}.Debug|Any CPU.ActiveCfg = Debug|Any CPU
		{5C5E9516-A84D-4A7B-96D4-4CEB3038ECF3}.Debug|Any CPU.Build.0 = Debug|Any CPU
		{5C5E9516-A84D-4A7B-96D4-4CEB3038ECF3}.Release|Any CPU.ActiveCfg = Release|Any CPU
		{5C5E9516-A84D-4A7B-96D4-4CEB3038ECF3}.Release|Any CPU.Build.0 = Release|Any CPU
		{1D65A338-6DE9-4455-AD46-7F5F99E3969E}.Debug|Any CPU.ActiveCfg = Debug|Any CPU
		{1D65A338-6DE9-4455-AD46-7F5F99E3969E}.Debug|Any CPU.Build.0 = Debug|Any CPU
		{1D65A338-6DE9-4455-AD46-7F5F99E3969E}.Release|Any CPU.ActiveCfg = Release|Any CPU
		{1D65A338-6DE9-4455-AD46-7F5F99E3969E}.Release|Any CPU.Build.0 = Release|Any CPU
		{9C229EDC-C410-4C02-AF92-E22D97A49018}.Debug|Any CPU.ActiveCfg = Debug|Any CPU
		{9C229EDC-C410-4C02-AF92-E22D97A49018}.Debug|Any CPU.Build.0 = Debug|Any CPU
		{9C229EDC-C410-4C02-AF92-E22D97A49018}.Release|Any CPU.ActiveCfg = Release|Any CPU
		{9C229EDC-C410-4C02-AF92-E22D97A49018}.Release|Any CPU.Build.0 = Release|Any CPU
		{C99E05D3-0910-4EEE-BDD0-A6D2E88B6F4C}.Debug|Any CPU.ActiveCfg = Debug|Any CPU
		{C99E05D3-0910-4EEE-BDD0-A6D2E88B6F4C}.Debug|Any CPU.Build.0 = Debug|Any CPU
		{C99E05D3-0910-4EEE-BDD0-A6D2E88B6F4C}.Release|Any CPU.ActiveCfg = Release|Any CPU
		{C99E05D3-0910-4EEE-BDD0-A6D2E88B6F4C}.Release|Any CPU.Build.0 = Release|Any CPU
		{69AD914A-E26D-4926-BB75-9ECF502C2E05}.Debug|Any CPU.ActiveCfg = Debug|Any CPU
		{69AD914A-E26D-4926-BB75-9ECF502C2E05}.Debug|Any CPU.Build.0 = Debug|Any CPU
		{69AD914A-E26D-4926-BB75-9ECF502C2E05}.Release|Any CPU.ActiveCfg = Release|Any CPU
		{69AD914A-E26D-4926-BB75-9ECF502C2E05}.Release|Any CPU.Build.0 = Release|Any CPU
	EndGlobalSection
	GlobalSection(SolutionProperties) = preSolution
		HideSolutionNode = FALSE
	EndGlobalSection
	GlobalSection(ExtensibilityGlobals) = postSolution
		SolutionGuid = {7897239D-0EF1-4CDD-A019-779BB4E4F73C}
	EndGlobalSection
EndGlobal
